
Microsoft Visual Studio Solution File, Format Version 12.00
# Visual Studio Version 17
VisualStudioVersion = 17.7.34031.279
MinimumVisualStudioVersion = 10.0.40219.1
Project("{9A19103F-16F7-4668-BE54-9A1E7A4F7556}") = "Clima_reTerminal", "Clima_reTerminal.csproj", "{EFE6C4EC-9620-4AEC-A25F-459FFE87B37B}"
EndProject
Global
	GlobalSection(SolutionConfigurationPlatforms) = preSolution
		Debug|Any CPU = Debug|Any CPU
		Release|Any CPU = Release|Any CPU
	EndGlobalSection
	GlobalSection(ProjectConfigurationPlatforms) = postSolution
		{EFE6C4EC-9620-4AEC-A25F-459FFE87B37B}.Debug|Any CPU.ActiveCfg = Debug|Any CPU
		{EFE6C4EC-9620-4AEC-A25F-459FFE87B37B}.Debug|Any CPU.Build.0 = Debug|Any CPU
		{EFE6C4EC-9620-4AEC-A25F-459FFE87B37B}.Release|Any CPU.ActiveCfg = Release|Any CPU
		{EFE6C4EC-9620-4AEC-A25F-459FFE87B37B}.Release|Any CPU.Build.0 = Release|Any CPU
	EndGlobalSection
	GlobalSection(SolutionProperties) = preSolution
		HideSolutionNode = FALSE
	EndGlobalSection
	GlobalSection(ExtensibilityGlobals) = postSolution
		SolutionGuid = {79579EBC-F281-403F-8BA5-9A805204DC1C}
	EndGlobalSection
EndGlobal
