Microsoft Visual Studio Solution File, Format Version 12.00
# Visual Studio Version 17
VisualStudioVersion = 17.0.32112.339
MinimumVisualStudioVersion = 10.0.40219.1
Project("{9A19103F-16F7-4668-BE54-9A1E7A4F7556}") = "Meadow.Clima.HackKit", "MeadowClimaHackKit\Meadow.Clima.HackKit.csproj", "{E753B478-F501-45A8-8CCB-67970F131033}"
EndProject
Project("{D954291E-2A0B-460D-934E-DC6B0785DB48}") = "CommonContracts", "CommonContracts\CommonContracts.shproj", "{567267B3-ED96-4FEA-B555-2EE203372EA4}"
EndProject
Project("{9A19103F-16F7-4668-BE54-9A1E7A4F7556}") = "Meadow.Clima.ProKit", "MeadowClimaProKit\Meadow.Clima.ProKit.csproj", "{9B08A0CE-DF94-4C59-98D4-B96212E78498}"
EndProject
Project("{9A19103F-16F7-4668-BE54-9A1E7A4F7556}") = "MobileClima", "MobileClima\MobileClima.csproj", "{ECCFAF9D-EF9B-4B19-B7D8-37E820EB3ADB}"
EndProject
Project("{9A19103F-16F7-4668-BE54-9A1E7A4F7556}") = "Meadow.Clima", "Meadow.Clima\Meadow.Clima.csproj", "{49AF89E0-45BB-4C30-98F4-3DA80278E628}"
EndProject
Project("{2150E333-8FDC-42A3-9474-1A3956D46DE8}") = "_External", "_External", "{2889A476-F914-49E8-9F97-4CC6CA34A901}"
EndProject
Project("{9A19103F-16F7-4668-BE54-9A1E7A4F7556}") = "Meadow.Logging", "..\..\..\Meadow.Logging\Source\Meadow.Logging\lib\Meadow.Logging.csproj", "{97251727-4C61-4727-AFFE-3B0AB7893730}"
EndProject
Project("{9A19103F-16F7-4668-BE54-9A1E7A4F7556}") = "Meadow.Contracts", "..\..\..\Meadow.Contracts\Source\Meadow.Contracts\Meadow.Contracts.csproj", "{6413D387-8218-493A-9354-34F2BCE1C76F}"
EndProject
Project("{9A19103F-16F7-4668-BE54-9A1E7A4F7556}") = "Meadow.Core", "..\..\..\Meadow.Core\source\Meadow.Core\Meadow.Core.csproj", "{A79A5214-5F86-4BF3-B15F-70D5F2C85B16}"
EndProject
Project("{9A19103F-16F7-4668-BE54-9A1E7A4F7556}") = "Meadow.F7", "..\..\..\Meadow.Core\source\implementations\f7\Meadow.F7\Meadow.F7.csproj", "{E80F63E4-3AE0-405B-9D98-F6377F159AE3}"
EndProject
Project("{9A19103F-16F7-4668-BE54-9A1E7A4F7556}") = "Meadow.Foundation.Core", "..\..\..\Meadow.Foundation\Source\Meadow.Foundation.Core\Meadow.Foundation.Core.csproj", "{E73D9A1A-F00E-4571-9A89-7BE7F2CC3242}"
EndProject
Project("{9A19103F-16F7-4668-BE54-9A1E7A4F7556}") = "Sensors.Atmospheric.Bme68x", "..\..\..\Meadow.Foundation\Source\Meadow.Foundation.Peripherals\Sensors.Atmospheric.Bme68x\Driver\Sensors.Atmospheric.Bme68x.csproj", "{2E8D3348-9929-4ABC-A385-02A6A9C7F570}"
EndProject
Project("{9A19103F-16F7-4668-BE54-9A1E7A4F7556}") = "Sensors.Environmental.Scd4x", "..\..\..\Meadow.Foundation\Source\Meadow.Foundation.Peripherals\Sensors.Environmental.Scd4x\Driver\Sensors.Environmental.Scd4x.csproj", "{D2B7109F-5AB5-4FF3-9447-A742D5366354}"
EndProject
Project("{9A19103F-16F7-4668-BE54-9A1E7A4F7556}") = "ICs.IOExpanders.Mcp23xxx", "..\..\..\Meadow.Foundation\Source\Meadow.Foundation.Peripherals\ICs.IOExpanders.Mcp23xxx\Driver\ICs.IOExpanders.Mcp23xxx.csproj", "{652D47E1-93C1-4514-9C5A-DB5EE61D7AE6}"
EndProject
Project("{9A19103F-16F7-4668-BE54-9A1E7A4F7556}") = "Sensors.Gnss.NeoM8", "..\..\..\Meadow.Foundation\Source\Meadow.Foundation.Peripherals\Sensors.Gnss.NeoM8\Driver\Sensors.Gnss.NeoM8.csproj", "{1D7ABA97-D30F-4569-9B45-205E3CC452AE}"
EndProject
Project("{9A19103F-16F7-4668-BE54-9A1E7A4F7556}") = "Sensors.Location.Gnss.NmeaProcessor", "..\..\..\Meadow.Foundation\Source\Meadow.Foundation.Libraries_and_Frameworks\Sensors.Location.Gnss.NmeaProcessor\Driver\Sensors.Location.Gnss.NmeaProcessor.csproj", "{9EEA362C-6637-4BCB-BBF2-DAFE92FEFABF}"
EndProject
Project("{9A19103F-16F7-4668-BE54-9A1E7A4F7556}") = "Sensors.Weather.SwitchingAnemometer", "..\..\..\Meadow.Foundation\Source\Meadow.Foundation.Peripherals\Sensors.Weather.SwitchingAnemometer\Driver\Sensors.Weather.SwitchingAnemometer.csproj", "{C753A7DA-C51E-4154-8DA5-270DD988EF16}"
EndProject
Project("{9A19103F-16F7-4668-BE54-9A1E7A4F7556}") = "Sensors.Weather.SwitchingRainGauge", "..\..\..\Meadow.Foundation\Source\Meadow.Foundation.Peripherals\Sensors.Weather.SwitchingRainGauge\Driver\Sensors.Weather.SwitchingRainGauge.csproj", "{EF62412C-FE4E-4B04-8C90-20615AACD1F2}"
EndProject
Project("{9A19103F-16F7-4668-BE54-9A1E7A4F7556}") = "Sensors.Weather.WindVane", "..\..\..\Meadow.Foundation\Source\Meadow.Foundation.Peripherals\Sensors.Weather.WindVane\Driver\Sensors.Weather.WindVane.csproj", "{BF400519-2445-4D03-AFEF-112A0E2B6CA2}"
EndProject
Project("{9A19103F-16F7-4668-BE54-9A1E7A4F7556}") = "Clima_Demo", "Clima_Demo\Clima_Demo.csproj", "{E914AFEB-4392-443C-A45B-67B71DD81171}"
EndProject
Project("{9A19103F-16F7-4668-BE54-9A1E7A4F7556}") = "Displays.TftSpi", "..\..\..\Meadow.Foundation\Source\Meadow.Foundation.Peripherals\Displays.TftSpi\Driver\Displays.TftSpi.csproj", "{ADF5E9DD-85CA-4C28-8E44-EE8819F322D1}"
EndProject
Project("{9A19103F-16F7-4668-BE54-9A1E7A4F7556}") = "Displays.TextDisplayMenu", "..\..\..\Meadow.Foundation\Source\Meadow.Foundation.Libraries_and_Frameworks\Displays.TextDisplayMenu\Driver\Displays.TextDisplayMenu.csproj", "{2300B0AB-E8B2-4897-B532-5148636483A0}"
EndProject
Project("{9A19103F-16F7-4668-BE54-9A1E7A4F7556}") = "Web.Maple.MapleServer", "..\..\..\Maple\Source\Web.Maple.MapleServer\Driver\Web.Maple.MapleServer.csproj", "{009F059F-0677-487C-9C9B-9396AF54D67C}"
EndProject
Global
	GlobalSection(SolutionConfigurationPlatforms) = preSolution
		Debug|Any CPU = Debug|Any CPU
		Debug|iPhone = Debug|iPhone
		Debug|iPhoneSimulator = Debug|iPhoneSimulator
		Release|Any CPU = Release|Any CPU
		Release|iPhone = Release|iPhone
		Release|iPhoneSimulator = Release|iPhoneSimulator
	EndGlobalSection
	GlobalSection(ProjectConfigurationPlatforms) = postSolution
		{E753B478-F501-45A8-8CCB-67970F131033}.Debug|Any CPU.ActiveCfg = Debug|Any CPU
		{E753B478-F501-45A8-8CCB-67970F131033}.Debug|Any CPU.Build.0 = Debug|Any CPU
		{E753B478-F501-45A8-8CCB-67970F131033}.Debug|Any CPU.Deploy.0 = Debug|Any CPU
		{E753B478-F501-45A8-8CCB-67970F131033}.Debug|iPhone.ActiveCfg = Debug|Any CPU
		{E753B478-F501-45A8-8CCB-67970F131033}.Debug|iPhone.Build.0 = Debug|Any CPU
		{E753B478-F501-45A8-8CCB-67970F131033}.Debug|iPhone.Deploy.0 = Debug|Any CPU
		{E753B478-F501-45A8-8CCB-67970F131033}.Debug|iPhoneSimulator.ActiveCfg = Debug|Any CPU
		{E753B478-F501-45A8-8CCB-67970F131033}.Debug|iPhoneSimulator.Build.0 = Debug|Any CPU
		{E753B478-F501-45A8-8CCB-67970F131033}.Debug|iPhoneSimulator.Deploy.0 = Debug|Any CPU
		{E753B478-F501-45A8-8CCB-67970F131033}.Release|Any CPU.ActiveCfg = Release|Any CPU
		{E753B478-F501-45A8-8CCB-67970F131033}.Release|Any CPU.Build.0 = Release|Any CPU
		{E753B478-F501-45A8-8CCB-67970F131033}.Release|iPhone.ActiveCfg = Release|Any CPU
		{E753B478-F501-45A8-8CCB-67970F131033}.Release|iPhone.Build.0 = Release|Any CPU
		{E753B478-F501-45A8-8CCB-67970F131033}.Release|iPhone.Deploy.0 = Release|Any CPU
		{E753B478-F501-45A8-8CCB-67970F131033}.Release|iPhoneSimulator.ActiveCfg = Release|Any CPU
		{E753B478-F501-45A8-8CCB-67970F131033}.Release|iPhoneSimulator.Build.0 = Release|Any CPU
		{E753B478-F501-45A8-8CCB-67970F131033}.Release|iPhoneSimulator.Deploy.0 = Release|Any CPU
		{9B08A0CE-DF94-4C59-98D4-B96212E78498}.Debug|Any CPU.ActiveCfg = Debug|Any CPU
		{9B08A0CE-DF94-4C59-98D4-B96212E78498}.Debug|Any CPU.Build.0 = Debug|Any CPU
		{9B08A0CE-DF94-4C59-98D4-B96212E78498}.Debug|Any CPU.Deploy.0 = Debug|Any CPU
		{9B08A0CE-DF94-4C59-98D4-B96212E78498}.Debug|iPhone.ActiveCfg = Debug|Any CPU
		{9B08A0CE-DF94-4C59-98D4-B96212E78498}.Debug|iPhone.Build.0 = Debug|Any CPU
		{9B08A0CE-DF94-4C59-98D4-B96212E78498}.Debug|iPhone.Deploy.0 = Debug|Any CPU
		{9B08A0CE-DF94-4C59-98D4-B96212E78498}.Debug|iPhoneSimulator.ActiveCfg = Debug|Any CPU
		{9B08A0CE-DF94-4C59-98D4-B96212E78498}.Debug|iPhoneSimulator.Build.0 = Debug|Any CPU
		{9B08A0CE-DF94-4C59-98D4-B96212E78498}.Debug|iPhoneSimulator.Deploy.0 = Debug|Any CPU
		{9B08A0CE-DF94-4C59-98D4-B96212E78498}.Release|Any CPU.ActiveCfg = Release|Any CPU
		{9B08A0CE-DF94-4C59-98D4-B96212E78498}.Release|Any CPU.Build.0 = Release|Any CPU
		{9B08A0CE-DF94-4C59-98D4-B96212E78498}.Release|Any CPU.Deploy.0 = Release|Any CPU
		{9B08A0CE-DF94-4C59-98D4-B96212E78498}.Release|iPhone.ActiveCfg = Release|Any CPU
		{9B08A0CE-DF94-4C59-98D4-B96212E78498}.Release|iPhone.Build.0 = Release|Any CPU
		{9B08A0CE-DF94-4C59-98D4-B96212E78498}.Release|iPhone.Deploy.0 = Release|Any CPU
		{9B08A0CE-DF94-4C59-98D4-B96212E78498}.Release|iPhoneSimulator.ActiveCfg = Release|Any CPU
		{9B08A0CE-DF94-4C59-98D4-B96212E78498}.Release|iPhoneSimulator.Build.0 = Release|Any CPU
		{9B08A0CE-DF94-4C59-98D4-B96212E78498}.Release|iPhoneSimulator.Deploy.0 = Release|Any CPU
		{ECCFAF9D-EF9B-4B19-B7D8-37E820EB3ADB}.Debug|Any CPU.ActiveCfg = Debug|Any CPU
		{ECCFAF9D-EF9B-4B19-B7D8-37E820EB3ADB}.Debug|Any CPU.Build.0 = Debug|Any CPU
		{ECCFAF9D-EF9B-4B19-B7D8-37E820EB3ADB}.Debug|Any CPU.Deploy.0 = Debug|Any CPU
		{ECCFAF9D-EF9B-4B19-B7D8-37E820EB3ADB}.Debug|iPhone.ActiveCfg = Debug|Any CPU
		{ECCFAF9D-EF9B-4B19-B7D8-37E820EB3ADB}.Debug|iPhone.Build.0 = Debug|Any CPU
		{ECCFAF9D-EF9B-4B19-B7D8-37E820EB3ADB}.Debug|iPhoneSimulator.ActiveCfg = Debug|Any CPU
		{ECCFAF9D-EF9B-4B19-B7D8-37E820EB3ADB}.Debug|iPhoneSimulator.Build.0 = Debug|Any CPU
		{ECCFAF9D-EF9B-4B19-B7D8-37E820EB3ADB}.Release|Any CPU.ActiveCfg = Release|Any CPU
		{ECCFAF9D-EF9B-4B19-B7D8-37E820EB3ADB}.Release|Any CPU.Build.0 = Release|Any CPU
		{ECCFAF9D-EF9B-4B19-B7D8-37E820EB3ADB}.Release|iPhone.ActiveCfg = Release|Any CPU
		{ECCFAF9D-EF9B-4B19-B7D8-37E820EB3ADB}.Release|iPhone.Build.0 = Release|Any CPU
		{ECCFAF9D-EF9B-4B19-B7D8-37E820EB3ADB}.Release|iPhoneSimulator.ActiveCfg = Release|Any CPU
		{ECCFAF9D-EF9B-4B19-B7D8-37E820EB3ADB}.Release|iPhoneSimulator.Build.0 = Release|Any CPU
		{49AF89E0-45BB-4C30-98F4-3DA80278E628}.Debug|Any CPU.ActiveCfg = Debug|Any CPU
		{49AF89E0-45BB-4C30-98F4-3DA80278E628}.Debug|Any CPU.Build.0 = Debug|Any CPU
		{49AF89E0-45BB-4C30-98F4-3DA80278E628}.Debug|Any CPU.Deploy.0 = Debug|Any CPU
		{49AF89E0-45BB-4C30-98F4-3DA80278E628}.Debug|iPhone.ActiveCfg = Debug|Any CPU
		{49AF89E0-45BB-4C30-98F4-3DA80278E628}.Debug|iPhone.Build.0 = Debug|Any CPU
		{49AF89E0-45BB-4C30-98F4-3DA80278E628}.Debug|iPhone.Deploy.0 = Debug|Any CPU
		{49AF89E0-45BB-4C30-98F4-3DA80278E628}.Debug|iPhoneSimulator.ActiveCfg = Debug|Any CPU
		{49AF89E0-45BB-4C30-98F4-3DA80278E628}.Debug|iPhoneSimulator.Build.0 = Debug|Any CPU
		{49AF89E0-45BB-4C30-98F4-3DA80278E628}.Debug|iPhoneSimulator.Deploy.0 = Debug|Any CPU
		{49AF89E0-45BB-4C30-98F4-3DA80278E628}.Release|Any CPU.ActiveCfg = Release|Any CPU
		{49AF89E0-45BB-4C30-98F4-3DA80278E628}.Release|Any CPU.Build.0 = Release|Any CPU
		{49AF89E0-45BB-4C30-98F4-3DA80278E628}.Release|Any CPU.Deploy.0 = Release|Any CPU
		{49AF89E0-45BB-4C30-98F4-3DA80278E628}.Release|iPhone.ActiveCfg = Release|Any CPU
		{49AF89E0-45BB-4C30-98F4-3DA80278E628}.Release|iPhone.Build.0 = Release|Any CPU
		{49AF89E0-45BB-4C30-98F4-3DA80278E628}.Release|iPhone.Deploy.0 = Release|Any CPU
		{49AF89E0-45BB-4C30-98F4-3DA80278E628}.Release|iPhoneSimulator.ActiveCfg = Release|Any CPU
		{49AF89E0-45BB-4C30-98F4-3DA80278E628}.Release|iPhoneSimulator.Build.0 = Release|Any CPU
		{49AF89E0-45BB-4C30-98F4-3DA80278E628}.Release|iPhoneSimulator.Deploy.0 = Release|Any CPU
		{97251727-4C61-4727-AFFE-3B0AB7893730}.Debug|Any CPU.ActiveCfg = Debug|Any CPU
		{97251727-4C61-4727-AFFE-3B0AB7893730}.Debug|Any CPU.Build.0 = Debug|Any CPU
		{97251727-4C61-4727-AFFE-3B0AB7893730}.Debug|iPhone.ActiveCfg = Debug|Any CPU
		{97251727-4C61-4727-AFFE-3B0AB7893730}.Debug|iPhone.Build.0 = Debug|Any CPU
		{97251727-4C61-4727-AFFE-3B0AB7893730}.Debug|iPhoneSimulator.ActiveCfg = Debug|Any CPU
		{97251727-4C61-4727-AFFE-3B0AB7893730}.Debug|iPhoneSimulator.Build.0 = Debug|Any CPU
		{97251727-4C61-4727-AFFE-3B0AB7893730}.Release|Any CPU.ActiveCfg = Release|Any CPU
		{97251727-4C61-4727-AFFE-3B0AB7893730}.Release|Any CPU.Build.0 = Release|Any CPU
		{97251727-4C61-4727-AFFE-3B0AB7893730}.Release|iPhone.ActiveCfg = Release|Any CPU
		{97251727-4C61-4727-AFFE-3B0AB7893730}.Release|iPhone.Build.0 = Release|Any CPU
		{97251727-4C61-4727-AFFE-3B0AB7893730}.Release|iPhoneSimulator.ActiveCfg = Release|Any CPU
		{97251727-4C61-4727-AFFE-3B0AB7893730}.Release|iPhoneSimulator.Build.0 = Release|Any CPU
		{6413D387-8218-493A-9354-34F2BCE1C76F}.Debug|Any CPU.ActiveCfg = Debug|Any CPU
		{6413D387-8218-493A-9354-34F2BCE1C76F}.Debug|Any CPU.Build.0 = Debug|Any CPU
		{6413D387-8218-493A-9354-34F2BCE1C76F}.Debug|Any CPU.Deploy.0 = Debug|Any CPU
		{6413D387-8218-493A-9354-34F2BCE1C76F}.Debug|iPhone.ActiveCfg = Debug|Any CPU
		{6413D387-8218-493A-9354-34F2BCE1C76F}.Debug|iPhone.Build.0 = Debug|Any CPU
		{6413D387-8218-493A-9354-34F2BCE1C76F}.Debug|iPhone.Deploy.0 = Debug|Any CPU
		{6413D387-8218-493A-9354-34F2BCE1C76F}.Debug|iPhoneSimulator.ActiveCfg = Debug|Any CPU
		{6413D387-8218-493A-9354-34F2BCE1C76F}.Debug|iPhoneSimulator.Build.0 = Debug|Any CPU
		{6413D387-8218-493A-9354-34F2BCE1C76F}.Debug|iPhoneSimulator.Deploy.0 = Debug|Any CPU
		{6413D387-8218-493A-9354-34F2BCE1C76F}.Release|Any CPU.ActiveCfg = Release|Any CPU
		{6413D387-8218-493A-9354-34F2BCE1C76F}.Release|Any CPU.Build.0 = Release|Any CPU
		{6413D387-8218-493A-9354-34F2BCE1C76F}.Release|Any CPU.Deploy.0 = Release|Any CPU
		{6413D387-8218-493A-9354-34F2BCE1C76F}.Release|iPhone.ActiveCfg = Release|Any CPU
		{6413D387-8218-493A-9354-34F2BCE1C76F}.Release|iPhone.Build.0 = Release|Any CPU
		{6413D387-8218-493A-9354-34F2BCE1C76F}.Release|iPhone.Deploy.0 = Release|Any CPU
		{6413D387-8218-493A-9354-34F2BCE1C76F}.Release|iPhoneSimulator.ActiveCfg = Release|Any CPU
		{6413D387-8218-493A-9354-34F2BCE1C76F}.Release|iPhoneSimulator.Build.0 = Release|Any CPU
		{6413D387-8218-493A-9354-34F2BCE1C76F}.Release|iPhoneSimulator.Deploy.0 = Release|Any CPU
		{A79A5214-5F86-4BF3-B15F-70D5F2C85B16}.Debug|Any CPU.ActiveCfg = Debug|Any CPU
		{A79A5214-5F86-4BF3-B15F-70D5F2C85B16}.Debug|Any CPU.Build.0 = Debug|Any CPU
		{A79A5214-5F86-4BF3-B15F-70D5F2C85B16}.Debug|Any CPU.Deploy.0 = Debug|Any CPU
		{A79A5214-5F86-4BF3-B15F-70D5F2C85B16}.Debug|iPhone.ActiveCfg = Debug|Any CPU
		{A79A5214-5F86-4BF3-B15F-70D5F2C85B16}.Debug|iPhone.Build.0 = Debug|Any CPU
		{A79A5214-5F86-4BF3-B15F-70D5F2C85B16}.Debug|iPhone.Deploy.0 = Debug|Any CPU
		{A79A5214-5F86-4BF3-B15F-70D5F2C85B16}.Debug|iPhoneSimulator.ActiveCfg = Debug|Any CPU
		{A79A5214-5F86-4BF3-B15F-70D5F2C85B16}.Debug|iPhoneSimulator.Build.0 = Debug|Any CPU
		{A79A5214-5F86-4BF3-B15F-70D5F2C85B16}.Debug|iPhoneSimulator.Deploy.0 = Debug|Any CPU
		{A79A5214-5F86-4BF3-B15F-70D5F2C85B16}.Release|Any CPU.ActiveCfg = Release|Any CPU
		{A79A5214-5F86-4BF3-B15F-70D5F2C85B16}.Release|Any CPU.Build.0 = Release|Any CPU
		{A79A5214-5F86-4BF3-B15F-70D5F2C85B16}.Release|Any CPU.Deploy.0 = Release|Any CPU
		{A79A5214-5F86-4BF3-B15F-70D5F2C85B16}.Release|iPhone.ActiveCfg = Release|Any CPU
		{A79A5214-5F86-4BF3-B15F-70D5F2C85B16}.Release|iPhone.Build.0 = Release|Any CPU
		{A79A5214-5F86-4BF3-B15F-70D5F2C85B16}.Release|iPhone.Deploy.0 = Release|Any CPU
		{A79A5214-5F86-4BF3-B15F-70D5F2C85B16}.Release|iPhoneSimulator.ActiveCfg = Release|Any CPU
		{A79A5214-5F86-4BF3-B15F-70D5F2C85B16}.Release|iPhoneSimulator.Build.0 = Release|Any CPU
		{A79A5214-5F86-4BF3-B15F-70D5F2C85B16}.Release|iPhoneSimulator.Deploy.0 = Release|Any CPU
		{E80F63E4-3AE0-405B-9D98-F6377F159AE3}.Debug|Any CPU.ActiveCfg = Debug|Any CPU
		{E80F63E4-3AE0-405B-9D98-F6377F159AE3}.Debug|Any CPU.Build.0 = Debug|Any CPU
		{E80F63E4-3AE0-405B-9D98-F6377F159AE3}.Debug|Any CPU.Deploy.0 = Debug|Any CPU
		{E80F63E4-3AE0-405B-9D98-F6377F159AE3}.Debug|iPhone.ActiveCfg = Debug|Any CPU
		{E80F63E4-3AE0-405B-9D98-F6377F159AE3}.Debug|iPhone.Build.0 = Debug|Any CPU
		{E80F63E4-3AE0-405B-9D98-F6377F159AE3}.Debug|iPhone.Deploy.0 = Debug|Any CPU
		{E80F63E4-3AE0-405B-9D98-F6377F159AE3}.Debug|iPhoneSimulator.ActiveCfg = Debug|Any CPU
		{E80F63E4-3AE0-405B-9D98-F6377F159AE3}.Debug|iPhoneSimulator.Build.0 = Debug|Any CPU
		{E80F63E4-3AE0-405B-9D98-F6377F159AE3}.Debug|iPhoneSimulator.Deploy.0 = Debug|Any CPU
		{E80F63E4-3AE0-405B-9D98-F6377F159AE3}.Release|Any CPU.ActiveCfg = Release|Any CPU
		{E80F63E4-3AE0-405B-9D98-F6377F159AE3}.Release|Any CPU.Build.0 = Release|Any CPU
		{E80F63E4-3AE0-405B-9D98-F6377F159AE3}.Release|Any CPU.Deploy.0 = Release|Any CPU
		{E80F63E4-3AE0-405B-9D98-F6377F159AE3}.Release|iPhone.ActiveCfg = Release|Any CPU
		{E80F63E4-3AE0-405B-9D98-F6377F159AE3}.Release|iPhone.Build.0 = Release|Any CPU
		{E80F63E4-3AE0-405B-9D98-F6377F159AE3}.Release|iPhone.Deploy.0 = Release|Any CPU
		{E80F63E4-3AE0-405B-9D98-F6377F159AE3}.Release|iPhoneSimulator.ActiveCfg = Release|Any CPU
		{E80F63E4-3AE0-405B-9D98-F6377F159AE3}.Release|iPhoneSimulator.Build.0 = Release|Any CPU
		{E80F63E4-3AE0-405B-9D98-F6377F159AE3}.Release|iPhoneSimulator.Deploy.0 = Release|Any CPU
		{E73D9A1A-F00E-4571-9A89-7BE7F2CC3242}.Debug|Any CPU.ActiveCfg = Debug|Any CPU
		{E73D9A1A-F00E-4571-9A89-7BE7F2CC3242}.Debug|Any CPU.Build.0 = Debug|Any CPU
		{E73D9A1A-F00E-4571-9A89-7BE7F2CC3242}.Debug|Any CPU.Deploy.0 = Debug|Any CPU
		{E73D9A1A-F00E-4571-9A89-7BE7F2CC3242}.Debug|iPhone.ActiveCfg = Debug|Any CPU
		{E73D9A1A-F00E-4571-9A89-7BE7F2CC3242}.Debug|iPhone.Build.0 = Debug|Any CPU
		{E73D9A1A-F00E-4571-9A89-7BE7F2CC3242}.Debug|iPhone.Deploy.0 = Debug|Any CPU
		{E73D9A1A-F00E-4571-9A89-7BE7F2CC3242}.Debug|iPhoneSimulator.ActiveCfg = Debug|Any CPU
		{E73D9A1A-F00E-4571-9A89-7BE7F2CC3242}.Debug|iPhoneSimulator.Build.0 = Debug|Any CPU
		{E73D9A1A-F00E-4571-9A89-7BE7F2CC3242}.Debug|iPhoneSimulator.Deploy.0 = Debug|Any CPU
		{E73D9A1A-F00E-4571-9A89-7BE7F2CC3242}.Release|Any CPU.ActiveCfg = Release|Any CPU
		{E73D9A1A-F00E-4571-9A89-7BE7F2CC3242}.Release|Any CPU.Build.0 = Release|Any CPU
		{E73D9A1A-F00E-4571-9A89-7BE7F2CC3242}.Release|Any CPU.Deploy.0 = Release|Any CPU
		{E73D9A1A-F00E-4571-9A89-7BE7F2CC3242}.Release|iPhone.ActiveCfg = Release|Any CPU
		{E73D9A1A-F00E-4571-9A89-7BE7F2CC3242}.Release|iPhone.Build.0 = Release|Any CPU
		{E73D9A1A-F00E-4571-9A89-7BE7F2CC3242}.Release|iPhone.Deploy.0 = Release|Any CPU
		{E73D9A1A-F00E-4571-9A89-7BE7F2CC3242}.Release|iPhoneSimulator.ActiveCfg = Release|Any CPU
		{E73D9A1A-F00E-4571-9A89-7BE7F2CC3242}.Release|iPhoneSimulator.Build.0 = Release|Any CPU
		{E73D9A1A-F00E-4571-9A89-7BE7F2CC3242}.Release|iPhoneSimulator.Deploy.0 = Release|Any CPU
		{2E8D3348-9929-4ABC-A385-02A6A9C7F570}.Debug|Any CPU.ActiveCfg = Debug|Any CPU
		{2E8D3348-9929-4ABC-A385-02A6A9C7F570}.Debug|Any CPU.Build.0 = Debug|Any CPU
		{2E8D3348-9929-4ABC-A385-02A6A9C7F570}.Debug|Any CPU.Deploy.0 = Debug|Any CPU
		{2E8D3348-9929-4ABC-A385-02A6A9C7F570}.Debug|iPhone.ActiveCfg = Debug|Any CPU
		{2E8D3348-9929-4ABC-A385-02A6A9C7F570}.Debug|iPhone.Build.0 = Debug|Any CPU
		{2E8D3348-9929-4ABC-A385-02A6A9C7F570}.Debug|iPhone.Deploy.0 = Debug|Any CPU
		{2E8D3348-9929-4ABC-A385-02A6A9C7F570}.Debug|iPhoneSimulator.ActiveCfg = Debug|Any CPU
		{2E8D3348-9929-4ABC-A385-02A6A9C7F570}.Debug|iPhoneSimulator.Build.0 = Debug|Any CPU
		{2E8D3348-9929-4ABC-A385-02A6A9C7F570}.Debug|iPhoneSimulator.Deploy.0 = Debug|Any CPU
		{2E8D3348-9929-4ABC-A385-02A6A9C7F570}.Release|Any CPU.ActiveCfg = Release|Any CPU
		{2E8D3348-9929-4ABC-A385-02A6A9C7F570}.Release|Any CPU.Build.0 = Release|Any CPU
		{2E8D3348-9929-4ABC-A385-02A6A9C7F570}.Release|Any CPU.Deploy.0 = Release|Any CPU
		{2E8D3348-9929-4ABC-A385-02A6A9C7F570}.Release|iPhone.ActiveCfg = Release|Any CPU
		{2E8D3348-9929-4ABC-A385-02A6A9C7F570}.Release|iPhone.Build.0 = Release|Any CPU
		{2E8D3348-9929-4ABC-A385-02A6A9C7F570}.Release|iPhone.Deploy.0 = Release|Any CPU
		{2E8D3348-9929-4ABC-A385-02A6A9C7F570}.Release|iPhoneSimulator.ActiveCfg = Release|Any CPU
		{2E8D3348-9929-4ABC-A385-02A6A9C7F570}.Release|iPhoneSimulator.Build.0 = Release|Any CPU
		{2E8D3348-9929-4ABC-A385-02A6A9C7F570}.Release|iPhoneSimulator.Deploy.0 = Release|Any CPU
		{D2B7109F-5AB5-4FF3-9447-A742D5366354}.Debug|Any CPU.ActiveCfg = Debug|Any CPU
		{D2B7109F-5AB5-4FF3-9447-A742D5366354}.Debug|Any CPU.Build.0 = Debug|Any CPU
		{D2B7109F-5AB5-4FF3-9447-A742D5366354}.Debug|Any CPU.Deploy.0 = Debug|Any CPU
		{D2B7109F-5AB5-4FF3-9447-A742D5366354}.Debug|iPhone.ActiveCfg = Debug|Any CPU
		{D2B7109F-5AB5-4FF3-9447-A742D5366354}.Debug|iPhone.Build.0 = Debug|Any CPU
		{D2B7109F-5AB5-4FF3-9447-A742D5366354}.Debug|iPhone.Deploy.0 = Debug|Any CPU
		{D2B7109F-5AB5-4FF3-9447-A742D5366354}.Debug|iPhoneSimulator.ActiveCfg = Debug|Any CPU
		{D2B7109F-5AB5-4FF3-9447-A742D5366354}.Debug|iPhoneSimulator.Build.0 = Debug|Any CPU
		{D2B7109F-5AB5-4FF3-9447-A742D5366354}.Debug|iPhoneSimulator.Deploy.0 = Debug|Any CPU
		{D2B7109F-5AB5-4FF3-9447-A742D5366354}.Release|Any CPU.ActiveCfg = Release|Any CPU
		{D2B7109F-5AB5-4FF3-9447-A742D5366354}.Release|Any CPU.Build.0 = Release|Any CPU
		{D2B7109F-5AB5-4FF3-9447-A742D5366354}.Release|Any CPU.Deploy.0 = Release|Any CPU
		{D2B7109F-5AB5-4FF3-9447-A742D5366354}.Release|iPhone.ActiveCfg = Release|Any CPU
		{D2B7109F-5AB5-4FF3-9447-A742D5366354}.Release|iPhone.Build.0 = Release|Any CPU
		{D2B7109F-5AB5-4FF3-9447-A742D5366354}.Release|iPhone.Deploy.0 = Release|Any CPU
		{D2B7109F-5AB5-4FF3-9447-A742D5366354}.Release|iPhoneSimulator.ActiveCfg = Release|Any CPU
		{D2B7109F-5AB5-4FF3-9447-A742D5366354}.Release|iPhoneSimulator.Build.0 = Release|Any CPU
		{D2B7109F-5AB5-4FF3-9447-A742D5366354}.Release|iPhoneSimulator.Deploy.0 = Release|Any CPU
		{652D47E1-93C1-4514-9C5A-DB5EE61D7AE6}.Debug|Any CPU.ActiveCfg = Debug|Any CPU
		{652D47E1-93C1-4514-9C5A-DB5EE61D7AE6}.Debug|Any CPU.Build.0 = Debug|Any CPU
		{652D47E1-93C1-4514-9C5A-DB5EE61D7AE6}.Debug|Any CPU.Deploy.0 = Debug|Any CPU
		{652D47E1-93C1-4514-9C5A-DB5EE61D7AE6}.Debug|iPhone.ActiveCfg = Debug|Any CPU
		{652D47E1-93C1-4514-9C5A-DB5EE61D7AE6}.Debug|iPhone.Build.0 = Debug|Any CPU
		{652D47E1-93C1-4514-9C5A-DB5EE61D7AE6}.Debug|iPhone.Deploy.0 = Debug|Any CPU
		{652D47E1-93C1-4514-9C5A-DB5EE61D7AE6}.Debug|iPhoneSimulator.ActiveCfg = Debug|Any CPU
		{652D47E1-93C1-4514-9C5A-DB5EE61D7AE6}.Debug|iPhoneSimulator.Build.0 = Debug|Any CPU
		{652D47E1-93C1-4514-9C5A-DB5EE61D7AE6}.Debug|iPhoneSimulator.Deploy.0 = Debug|Any CPU
		{652D47E1-93C1-4514-9C5A-DB5EE61D7AE6}.Release|Any CPU.ActiveCfg = Release|Any CPU
		{652D47E1-93C1-4514-9C5A-DB5EE61D7AE6}.Release|Any CPU.Build.0 = Release|Any CPU
		{652D47E1-93C1-4514-9C5A-DB5EE61D7AE6}.Release|Any CPU.Deploy.0 = Release|Any CPU
		{652D47E1-93C1-4514-9C5A-DB5EE61D7AE6}.Release|iPhone.ActiveCfg = Release|Any CPU
		{652D47E1-93C1-4514-9C5A-DB5EE61D7AE6}.Release|iPhone.Build.0 = Release|Any CPU
		{652D47E1-93C1-4514-9C5A-DB5EE61D7AE6}.Release|iPhone.Deploy.0 = Release|Any CPU
		{652D47E1-93C1-4514-9C5A-DB5EE61D7AE6}.Release|iPhoneSimulator.ActiveCfg = Release|Any CPU
		{652D47E1-93C1-4514-9C5A-DB5EE61D7AE6}.Release|iPhoneSimulator.Build.0 = Release|Any CPU
		{652D47E1-93C1-4514-9C5A-DB5EE61D7AE6}.Release|iPhoneSimulator.Deploy.0 = Release|Any CPU
		{1D7ABA97-D30F-4569-9B45-205E3CC452AE}.Debug|Any CPU.ActiveCfg = Debug|Any CPU
		{1D7ABA97-D30F-4569-9B45-205E3CC452AE}.Debug|Any CPU.Build.0 = Debug|Any CPU
		{1D7ABA97-D30F-4569-9B45-205E3CC452AE}.Debug|Any CPU.Deploy.0 = Debug|Any CPU
		{1D7ABA97-D30F-4569-9B45-205E3CC452AE}.Debug|iPhone.ActiveCfg = Debug|Any CPU
		{1D7ABA97-D30F-4569-9B45-205E3CC452AE}.Debug|iPhone.Build.0 = Debug|Any CPU
		{1D7ABA97-D30F-4569-9B45-205E3CC452AE}.Debug|iPhone.Deploy.0 = Debug|Any CPU
		{1D7ABA97-D30F-4569-9B45-205E3CC452AE}.Debug|iPhoneSimulator.ActiveCfg = Debug|Any CPU
		{1D7ABA97-D30F-4569-9B45-205E3CC452AE}.Debug|iPhoneSimulator.Build.0 = Debug|Any CPU
		{1D7ABA97-D30F-4569-9B45-205E3CC452AE}.Debug|iPhoneSimulator.Deploy.0 = Debug|Any CPU
		{1D7ABA97-D30F-4569-9B45-205E3CC452AE}.Release|Any CPU.ActiveCfg = Release|Any CPU
		{1D7ABA97-D30F-4569-9B45-205E3CC452AE}.Release|Any CPU.Build.0 = Release|Any CPU
		{1D7ABA97-D30F-4569-9B45-205E3CC452AE}.Release|Any CPU.Deploy.0 = Release|Any CPU
		{1D7ABA97-D30F-4569-9B45-205E3CC452AE}.Release|iPhone.ActiveCfg = Release|Any CPU
		{1D7ABA97-D30F-4569-9B45-205E3CC452AE}.Release|iPhone.Build.0 = Release|Any CPU
		{1D7ABA97-D30F-4569-9B45-205E3CC452AE}.Release|iPhone.Deploy.0 = Release|Any CPU
		{1D7ABA97-D30F-4569-9B45-205E3CC452AE}.Release|iPhoneSimulator.ActiveCfg = Release|Any CPU
		{1D7ABA97-D30F-4569-9B45-205E3CC452AE}.Release|iPhoneSimulator.Build.0 = Release|Any CPU
		{1D7ABA97-D30F-4569-9B45-205E3CC452AE}.Release|iPhoneSimulator.Deploy.0 = Release|Any CPU
		{9EEA362C-6637-4BCB-BBF2-DAFE92FEFABF}.Debug|Any CPU.ActiveCfg = Debug|Any CPU
		{9EEA362C-6637-4BCB-BBF2-DAFE92FEFABF}.Debug|Any CPU.Build.0 = Debug|Any CPU
		{9EEA362C-6637-4BCB-BBF2-DAFE92FEFABF}.Debug|Any CPU.Deploy.0 = Debug|Any CPU
		{9EEA362C-6637-4BCB-BBF2-DAFE92FEFABF}.Debug|iPhone.ActiveCfg = Debug|Any CPU
		{9EEA362C-6637-4BCB-BBF2-DAFE92FEFABF}.Debug|iPhone.Build.0 = Debug|Any CPU
		{9EEA362C-6637-4BCB-BBF2-DAFE92FEFABF}.Debug|iPhone.Deploy.0 = Debug|Any CPU
		{9EEA362C-6637-4BCB-BBF2-DAFE92FEFABF}.Debug|iPhoneSimulator.ActiveCfg = Debug|Any CPU
		{9EEA362C-6637-4BCB-BBF2-DAFE92FEFABF}.Debug|iPhoneSimulator.Build.0 = Debug|Any CPU
		{9EEA362C-6637-4BCB-BBF2-DAFE92FEFABF}.Debug|iPhoneSimulator.Deploy.0 = Debug|Any CPU
		{9EEA362C-6637-4BCB-BBF2-DAFE92FEFABF}.Release|Any CPU.ActiveCfg = Release|Any CPU
		{9EEA362C-6637-4BCB-BBF2-DAFE92FEFABF}.Release|Any CPU.Build.0 = Release|Any CPU
		{9EEA362C-6637-4BCB-BBF2-DAFE92FEFABF}.Release|Any CPU.Deploy.0 = Release|Any CPU
		{9EEA362C-6637-4BCB-BBF2-DAFE92FEFABF}.Release|iPhone.ActiveCfg = Release|Any CPU
		{9EEA362C-6637-4BCB-BBF2-DAFE92FEFABF}.Release|iPhone.Build.0 = Release|Any CPU
		{9EEA362C-6637-4BCB-BBF2-DAFE92FEFABF}.Release|iPhone.Deploy.0 = Release|Any CPU
		{9EEA362C-6637-4BCB-BBF2-DAFE92FEFABF}.Release|iPhoneSimulator.ActiveCfg = Release|Any CPU
		{9EEA362C-6637-4BCB-BBF2-DAFE92FEFABF}.Release|iPhoneSimulator.Build.0 = Release|Any CPU
		{9EEA362C-6637-4BCB-BBF2-DAFE92FEFABF}.Release|iPhoneSimulator.Deploy.0 = Release|Any CPU
		{C753A7DA-C51E-4154-8DA5-270DD988EF16}.Debug|Any CPU.ActiveCfg = Debug|Any CPU
		{C753A7DA-C51E-4154-8DA5-270DD988EF16}.Debug|Any CPU.Build.0 = Debug|Any CPU
		{C753A7DA-C51E-4154-8DA5-270DD988EF16}.Debug|Any CPU.Deploy.0 = Debug|Any CPU
		{C753A7DA-C51E-4154-8DA5-270DD988EF16}.Debug|iPhone.ActiveCfg = Debug|Any CPU
		{C753A7DA-C51E-4154-8DA5-270DD988EF16}.Debug|iPhone.Build.0 = Debug|Any CPU
		{C753A7DA-C51E-4154-8DA5-270DD988EF16}.Debug|iPhone.Deploy.0 = Debug|Any CPU
		{C753A7DA-C51E-4154-8DA5-270DD988EF16}.Debug|iPhoneSimulator.ActiveCfg = Debug|Any CPU
		{C753A7DA-C51E-4154-8DA5-270DD988EF16}.Debug|iPhoneSimulator.Build.0 = Debug|Any CPU
		{C753A7DA-C51E-4154-8DA5-270DD988EF16}.Debug|iPhoneSimulator.Deploy.0 = Debug|Any CPU
		{C753A7DA-C51E-4154-8DA5-270DD988EF16}.Release|Any CPU.ActiveCfg = Release|Any CPU
		{C753A7DA-C51E-4154-8DA5-270DD988EF16}.Release|Any CPU.Build.0 = Release|Any CPU
		{C753A7DA-C51E-4154-8DA5-270DD988EF16}.Release|Any CPU.Deploy.0 = Release|Any CPU
		{C753A7DA-C51E-4154-8DA5-270DD988EF16}.Release|iPhone.ActiveCfg = Release|Any CPU
		{C753A7DA-C51E-4154-8DA5-270DD988EF16}.Release|iPhone.Build.0 = Release|Any CPU
		{C753A7DA-C51E-4154-8DA5-270DD988EF16}.Release|iPhone.Deploy.0 = Release|Any CPU
		{C753A7DA-C51E-4154-8DA5-270DD988EF16}.Release|iPhoneSimulator.ActiveCfg = Release|Any CPU
		{C753A7DA-C51E-4154-8DA5-270DD988EF16}.Release|iPhoneSimulator.Build.0 = Release|Any CPU
		{C753A7DA-C51E-4154-8DA5-270DD988EF16}.Release|iPhoneSimulator.Deploy.0 = Release|Any CPU
		{EF62412C-FE4E-4B04-8C90-20615AACD1F2}.Debug|Any CPU.ActiveCfg = Debug|Any CPU
		{EF62412C-FE4E-4B04-8C90-20615AACD1F2}.Debug|Any CPU.Build.0 = Debug|Any CPU
		{EF62412C-FE4E-4B04-8C90-20615AACD1F2}.Debug|Any CPU.Deploy.0 = Debug|Any CPU
		{EF62412C-FE4E-4B04-8C90-20615AACD1F2}.Debug|iPhone.ActiveCfg = Debug|Any CPU
		{EF62412C-FE4E-4B04-8C90-20615AACD1F2}.Debug|iPhone.Build.0 = Debug|Any CPU
		{EF62412C-FE4E-4B04-8C90-20615AACD1F2}.Debug|iPhone.Deploy.0 = Debug|Any CPU
		{EF62412C-FE4E-4B04-8C90-20615AACD1F2}.Debug|iPhoneSimulator.ActiveCfg = Debug|Any CPU
		{EF62412C-FE4E-4B04-8C90-20615AACD1F2}.Debug|iPhoneSimulator.Build.0 = Debug|Any CPU
		{EF62412C-FE4E-4B04-8C90-20615AACD1F2}.Debug|iPhoneSimulator.Deploy.0 = Debug|Any CPU
		{EF62412C-FE4E-4B04-8C90-20615AACD1F2}.Release|Any CPU.ActiveCfg = Release|Any CPU
		{EF62412C-FE4E-4B04-8C90-20615AACD1F2}.Release|Any CPU.Build.0 = Release|Any CPU
		{EF62412C-FE4E-4B04-8C90-20615AACD1F2}.Release|Any CPU.Deploy.0 = Release|Any CPU
		{EF62412C-FE4E-4B04-8C90-20615AACD1F2}.Release|iPhone.ActiveCfg = Release|Any CPU
		{EF62412C-FE4E-4B04-8C90-20615AACD1F2}.Release|iPhone.Build.0 = Release|Any CPU
		{EF62412C-FE4E-4B04-8C90-20615AACD1F2}.Release|iPhone.Deploy.0 = Release|Any CPU
		{EF62412C-FE4E-4B04-8C90-20615AACD1F2}.Release|iPhoneSimulator.ActiveCfg = Release|Any CPU
		{EF62412C-FE4E-4B04-8C90-20615AACD1F2}.Release|iPhoneSimulator.Build.0 = Release|Any CPU
		{EF62412C-FE4E-4B04-8C90-20615AACD1F2}.Release|iPhoneSimulator.Deploy.0 = Release|Any CPU
		{BF400519-2445-4D03-AFEF-112A0E2B6CA2}.Debug|Any CPU.ActiveCfg = Debug|Any CPU
		{BF400519-2445-4D03-AFEF-112A0E2B6CA2}.Debug|Any CPU.Build.0 = Debug|Any CPU
		{BF400519-2445-4D03-AFEF-112A0E2B6CA2}.Debug|Any CPU.Deploy.0 = Debug|Any CPU
		{BF400519-2445-4D03-AFEF-112A0E2B6CA2}.Debug|iPhone.ActiveCfg = Debug|Any CPU
		{BF400519-2445-4D03-AFEF-112A0E2B6CA2}.Debug|iPhone.Build.0 = Debug|Any CPU
		{BF400519-2445-4D03-AFEF-112A0E2B6CA2}.Debug|iPhone.Deploy.0 = Debug|Any CPU
		{BF400519-2445-4D03-AFEF-112A0E2B6CA2}.Debug|iPhoneSimulator.ActiveCfg = Debug|Any CPU
		{BF400519-2445-4D03-AFEF-112A0E2B6CA2}.Debug|iPhoneSimulator.Build.0 = Debug|Any CPU
		{BF400519-2445-4D03-AFEF-112A0E2B6CA2}.Debug|iPhoneSimulator.Deploy.0 = Debug|Any CPU
		{BF400519-2445-4D03-AFEF-112A0E2B6CA2}.Release|Any CPU.ActiveCfg = Release|Any CPU
		{BF400519-2445-4D03-AFEF-112A0E2B6CA2}.Release|Any CPU.Build.0 = Release|Any CPU
		{BF400519-2445-4D03-AFEF-112A0E2B6CA2}.Release|Any CPU.Deploy.0 = Release|Any CPU
		{BF400519-2445-4D03-AFEF-112A0E2B6CA2}.Release|iPhone.ActiveCfg = Release|Any CPU
		{BF400519-2445-4D03-AFEF-112A0E2B6CA2}.Release|iPhone.Build.0 = Release|Any CPU
		{BF400519-2445-4D03-AFEF-112A0E2B6CA2}.Release|iPhone.Deploy.0 = Release|Any CPU
		{BF400519-2445-4D03-AFEF-112A0E2B6CA2}.Release|iPhoneSimulator.ActiveCfg = Release|Any CPU
		{BF400519-2445-4D03-AFEF-112A0E2B6CA2}.Release|iPhoneSimulator.Build.0 = Release|Any CPU
		{BF400519-2445-4D03-AFEF-112A0E2B6CA2}.Release|iPhoneSimulator.Deploy.0 = Release|Any CPU
		{E914AFEB-4392-443C-A45B-67B71DD81171}.Debug|Any CPU.ActiveCfg = Debug|Any CPU
		{E914AFEB-4392-443C-A45B-67B71DD81171}.Debug|Any CPU.Build.0 = Debug|Any CPU
		{E914AFEB-4392-443C-A45B-67B71DD81171}.Debug|Any CPU.Deploy.0 = Debug|Any CPU
		{E914AFEB-4392-443C-A45B-67B71DD81171}.Debug|iPhone.ActiveCfg = Debug|Any CPU
		{E914AFEB-4392-443C-A45B-67B71DD81171}.Debug|iPhone.Build.0 = Debug|Any CPU
		{E914AFEB-4392-443C-A45B-67B71DD81171}.Debug|iPhone.Deploy.0 = Debug|Any CPU
		{E914AFEB-4392-443C-A45B-67B71DD81171}.Debug|iPhoneSimulator.ActiveCfg = Debug|Any CPU
		{E914AFEB-4392-443C-A45B-67B71DD81171}.Debug|iPhoneSimulator.Build.0 = Debug|Any CPU
		{E914AFEB-4392-443C-A45B-67B71DD81171}.Debug|iPhoneSimulator.Deploy.0 = Debug|Any CPU
		{E914AFEB-4392-443C-A45B-67B71DD81171}.Release|Any CPU.ActiveCfg = Release|Any CPU
		{E914AFEB-4392-443C-A45B-67B71DD81171}.Release|Any CPU.Build.0 = Release|Any CPU
		{E914AFEB-4392-443C-A45B-67B71DD81171}.Release|Any CPU.Deploy.0 = Release|Any CPU
		{E914AFEB-4392-443C-A45B-67B71DD81171}.Release|iPhone.ActiveCfg = Release|Any CPU
		{E914AFEB-4392-443C-A45B-67B71DD81171}.Release|iPhone.Build.0 = Release|Any CPU
		{E914AFEB-4392-443C-A45B-67B71DD81171}.Release|iPhone.Deploy.0 = Release|Any CPU
		{E914AFEB-4392-443C-A45B-67B71DD81171}.Release|iPhoneSimulator.ActiveCfg = Release|Any CPU
		{E914AFEB-4392-443C-A45B-67B71DD81171}.Release|iPhoneSimulator.Build.0 = Release|Any CPU
		{E914AFEB-4392-443C-A45B-67B71DD81171}.Release|iPhoneSimulator.Deploy.0 = Release|Any CPU
		{ADF5E9DD-85CA-4C28-8E44-EE8819F322D1}.Debug|Any CPU.ActiveCfg = Debug|Any CPU
		{ADF5E9DD-85CA-4C28-8E44-EE8819F322D1}.Debug|Any CPU.Build.0 = Debug|Any CPU
		{ADF5E9DD-85CA-4C28-8E44-EE8819F322D1}.Debug|Any CPU.Deploy.0 = Debug|Any CPU
		{ADF5E9DD-85CA-4C28-8E44-EE8819F322D1}.Debug|iPhone.ActiveCfg = Debug|Any CPU
		{ADF5E9DD-85CA-4C28-8E44-EE8819F322D1}.Debug|iPhone.Build.0 = Debug|Any CPU
		{ADF5E9DD-85CA-4C28-8E44-EE8819F322D1}.Debug|iPhone.Deploy.0 = Debug|Any CPU
		{ADF5E9DD-85CA-4C28-8E44-EE8819F322D1}.Debug|iPhoneSimulator.ActiveCfg = Debug|Any CPU
		{ADF5E9DD-85CA-4C28-8E44-EE8819F322D1}.Debug|iPhoneSimulator.Build.0 = Debug|Any CPU
		{ADF5E9DD-85CA-4C28-8E44-EE8819F322D1}.Debug|iPhoneSimulator.Deploy.0 = Debug|Any CPU
		{ADF5E9DD-85CA-4C28-8E44-EE8819F322D1}.Release|Any CPU.ActiveCfg = Release|Any CPU
		{ADF5E9DD-85CA-4C28-8E44-EE8819F322D1}.Release|Any CPU.Build.0 = Release|Any CPU
		{ADF5E9DD-85CA-4C28-8E44-EE8819F322D1}.Release|Any CPU.Deploy.0 = Release|Any CPU
		{ADF5E9DD-85CA-4C28-8E44-EE8819F322D1}.Release|iPhone.ActiveCfg = Release|Any CPU
		{ADF5E9DD-85CA-4C28-8E44-EE8819F322D1}.Release|iPhone.Build.0 = Release|Any CPU
		{ADF5E9DD-85CA-4C28-8E44-EE8819F322D1}.Release|iPhone.Deploy.0 = Release|Any CPU
		{ADF5E9DD-85CA-4C28-8E44-EE8819F322D1}.Release|iPhoneSimulator.ActiveCfg = Release|Any CPU
		{ADF5E9DD-85CA-4C28-8E44-EE8819F322D1}.Release|iPhoneSimulator.Build.0 = Release|Any CPU
		{ADF5E9DD-85CA-4C28-8E44-EE8819F322D1}.Release|iPhoneSimulator.Deploy.0 = Release|Any CPU
		{2300B0AB-E8B2-4897-B532-5148636483A0}.Debug|Any CPU.ActiveCfg = Debug|Any CPU
		{2300B0AB-E8B2-4897-B532-5148636483A0}.Debug|Any CPU.Build.0 = Debug|Any CPU
		{2300B0AB-E8B2-4897-B532-5148636483A0}.Debug|Any CPU.Deploy.0 = Debug|Any CPU
		{2300B0AB-E8B2-4897-B532-5148636483A0}.Debug|iPhone.ActiveCfg = Debug|Any CPU
		{2300B0AB-E8B2-4897-B532-5148636483A0}.Debug|iPhone.Build.0 = Debug|Any CPU
		{2300B0AB-E8B2-4897-B532-5148636483A0}.Debug|iPhone.Deploy.0 = Debug|Any CPU
		{2300B0AB-E8B2-4897-B532-5148636483A0}.Debug|iPhoneSimulator.ActiveCfg = Debug|Any CPU
		{2300B0AB-E8B2-4897-B532-5148636483A0}.Debug|iPhoneSimulator.Build.0 = Debug|Any CPU
		{2300B0AB-E8B2-4897-B532-5148636483A0}.Debug|iPhoneSimulator.Deploy.0 = Debug|Any CPU
		{2300B0AB-E8B2-4897-B532-5148636483A0}.Release|Any CPU.ActiveCfg = Release|Any CPU
		{2300B0AB-E8B2-4897-B532-5148636483A0}.Release|Any CPU.Build.0 = Release|Any CPU
		{2300B0AB-E8B2-4897-B532-5148636483A0}.Release|Any CPU.Deploy.0 = Release|Any CPU
		{2300B0AB-E8B2-4897-B532-5148636483A0}.Release|iPhone.ActiveCfg = Release|Any CPU
		{2300B0AB-E8B2-4897-B532-5148636483A0}.Release|iPhone.Build.0 = Release|Any CPU
		{2300B0AB-E8B2-4897-B532-5148636483A0}.Release|iPhone.Deploy.0 = Release|Any CPU
		{2300B0AB-E8B2-4897-B532-5148636483A0}.Release|iPhoneSimulator.ActiveCfg = Release|Any CPU
		{2300B0AB-E8B2-4897-B532-5148636483A0}.Release|iPhoneSimulator.Build.0 = Release|Any CPU
		{2300B0AB-E8B2-4897-B532-5148636483A0}.Release|iPhoneSimulator.Deploy.0 = Release|Any CPU
		{009F059F-0677-487C-9C9B-9396AF54D67C}.Debug|Any CPU.ActiveCfg = Debug|Any CPU
		{009F059F-0677-487C-9C9B-9396AF54D67C}.Debug|Any CPU.Build.0 = Debug|Any CPU
		{009F059F-0677-487C-9C9B-9396AF54D67C}.Debug|Any CPU.Deploy.0 = Debug|Any CPU
		{009F059F-0677-487C-9C9B-9396AF54D67C}.Debug|iPhone.ActiveCfg = Debug|Any CPU
		{009F059F-0677-487C-9C9B-9396AF54D67C}.Debug|iPhone.Build.0 = Debug|Any CPU
		{009F059F-0677-487C-9C9B-9396AF54D67C}.Debug|iPhone.Deploy.0 = Debug|Any CPU
		{009F059F-0677-487C-9C9B-9396AF54D67C}.Debug|iPhoneSimulator.ActiveCfg = Debug|Any CPU
		{009F059F-0677-487C-9C9B-9396AF54D67C}.Debug|iPhoneSimulator.Build.0 = Debug|Any CPU
		{009F059F-0677-487C-9C9B-9396AF54D67C}.Debug|iPhoneSimulator.Deploy.0 = Debug|Any CPU
		{009F059F-0677-487C-9C9B-9396AF54D67C}.Release|Any CPU.ActiveCfg = Release|Any CPU
		{009F059F-0677-487C-9C9B-9396AF54D67C}.Release|Any CPU.Build.0 = Release|Any CPU
		{009F059F-0677-487C-9C9B-9396AF54D67C}.Release|Any CPU.Deploy.0 = Release|Any CPU
		{009F059F-0677-487C-9C9B-9396AF54D67C}.Release|iPhone.ActiveCfg = Release|Any CPU
		{009F059F-0677-487C-9C9B-9396AF54D67C}.Release|iPhone.Build.0 = Release|Any CPU
		{009F059F-0677-487C-9C9B-9396AF54D67C}.Release|iPhone.Deploy.0 = Release|Any CPU
		{009F059F-0677-487C-9C9B-9396AF54D67C}.Release|iPhoneSimulator.ActiveCfg = Release|Any CPU
		{009F059F-0677-487C-9C9B-9396AF54D67C}.Release|iPhoneSimulator.Build.0 = Release|Any CPU
		{009F059F-0677-487C-9C9B-9396AF54D67C}.Release|iPhoneSimulator.Deploy.0 = Release|Any CPU
	EndGlobalSection
	GlobalSection(SolutionProperties) = preSolution
		HideSolutionNode = FALSE
	EndGlobalSection
	GlobalSection(NestedProjects) = preSolution
		{97251727-4C61-4727-AFFE-3B0AB7893730} = {2889A476-F914-49E8-9F97-4CC6CA34A901}
		{6413D387-8218-493A-9354-34F2BCE1C76F} = {2889A476-F914-49E8-9F97-4CC6CA34A901}
		{A79A5214-5F86-4BF3-B15F-70D5F2C85B16} = {2889A476-F914-49E8-9F97-4CC6CA34A901}
		{E80F63E4-3AE0-405B-9D98-F6377F159AE3} = {2889A476-F914-49E8-9F97-4CC6CA34A901}
		{E73D9A1A-F00E-4571-9A89-7BE7F2CC3242} = {2889A476-F914-49E8-9F97-4CC6CA34A901}
		{2E8D3348-9929-4ABC-A385-02A6A9C7F570} = {2889A476-F914-49E8-9F97-4CC6CA34A901}
		{D2B7109F-5AB5-4FF3-9447-A742D5366354} = {2889A476-F914-49E8-9F97-4CC6CA34A901}
		{652D47E1-93C1-4514-9C5A-DB5EE61D7AE6} = {2889A476-F914-49E8-9F97-4CC6CA34A901}
		{1D7ABA97-D30F-4569-9B45-205E3CC452AE} = {2889A476-F914-49E8-9F97-4CC6CA34A901}
		{9EEA362C-6637-4BCB-BBF2-DAFE92FEFABF} = {2889A476-F914-49E8-9F97-4CC6CA34A901}
		{C753A7DA-C51E-4154-8DA5-270DD988EF16} = {2889A476-F914-49E8-9F97-4CC6CA34A901}
		{EF62412C-FE4E-4B04-8C90-20615AACD1F2} = {2889A476-F914-49E8-9F97-4CC6CA34A901}
		{BF400519-2445-4D03-AFEF-112A0E2B6CA2} = {2889A476-F914-49E8-9F97-4CC6CA34A901}
		{ADF5E9DD-85CA-4C28-8E44-EE8819F322D1} = {2889A476-F914-49E8-9F97-4CC6CA34A901}
		{2300B0AB-E8B2-4897-B532-5148636483A0} = {2889A476-F914-49E8-9F97-4CC6CA34A901}
		{009F059F-0677-487C-9C9B-9396AF54D67C} = {2889A476-F914-49E8-9F97-4CC6CA34A901}
	EndGlobalSection
	GlobalSection(ExtensibilityGlobals) = postSolution
		SolutionGuid = {CA61E123-F783-4CB3-8EB2-099EE930ADD4}
	EndGlobalSection
	GlobalSection(SharedMSBuildProjectFiles) = preSolution
		CommonContracts\CommonContracts.projitems*{567267b3-ed96-4fea-b555-2ee203372ea4}*SharedItemsImports = 13
		CommonContracts\CommonContracts.projitems*{9b08a0ce-df94-4c59-98d4-b96212e78498}*SharedItemsImports = 5
		CommonContracts\CommonContracts.projitems*{e753b478-f501-45a8-8ccb-67970f131033}*SharedItemsImports = 5
		CommonContracts\CommonContracts.projitems*{eccfaf9d-ef9b-4b19-b7d8-37e820eb3adb}*SharedItemsImports = 5
	EndGlobalSection
EndGlobal
