Microsoft Visual Studio Solution File, Format Version 12.00
# Visual Studio Version 17
VisualStudioVersion = 17.0.32112.339
MinimumVisualStudioVersion = 10.0.40219.1
Project("{9A19103F-16F7-4668-BE54-9A1E7A4F7556}") = "Meadow.Clima.HackKit", "MeadowClimaHackKit\Meadow.Clima.HackKit.csproj", "{E753B478-F501-45A8-8CCB-67970F131033}"
EndProject
Project("{D954291E-2A0B-460D-934E-DC6B0785DB48}") = "CommonContracts", "CommonContracts\CommonContracts.shproj", "{567267B3-ED96-4FEA-B555-2EE203372EA4}"
EndProject
Project("{9A19103F-16F7-4668-BE54-9A1E7A4F7556}") = "Meadow.Clima.ProKit", "MeadowClimaProKit\Meadow.Clima.ProKit.csproj", "{9B08A0CE-DF94-4C59-98D4-B96212E78498}"
EndProject
Project("{9A19103F-16F7-4668-BE54-9A1E7A4F7556}") = "MobileClima", "MobileClima\MobileClima.csproj", "{ECCFAF9D-EF9B-4B19-B7D8-37E820EB3ADB}"
EndProject
Project("{9A19103F-16F7-4668-BE54-9A1E7A4F7556}") = "Meadow.Clima", "Meadow.Clima\Meadow.Clima.csproj", "{49AF89E0-45BB-4C30-98F4-3DA80278E628}"
EndProject
Project("{9A19103F-16F7-4668-BE54-9A1E7A4F7556}") = "Clima_Demo", "Clima_Demo\Clima_Demo.csproj", "{E914AFEB-4392-443C-A45B-67B71DD81171}"
EndProject
Global
	GlobalSection(SolutionConfigurationPlatforms) = preSolution
		Debug|Any CPU = Debug|Any CPU
		Debug|iPhone = Debug|iPhone
		Debug|iPhoneSimulator = Debug|iPhoneSimulator
		Release|Any CPU = Release|Any CPU
		Release|iPhone = Release|iPhone
		Release|iPhoneSimulator = Release|iPhoneSimulator
	EndGlobalSection
	GlobalSection(ProjectConfigurationPlatforms) = postSolution
		{E753B478-F501-45A8-8CCB-67970F131033}.Debug|Any CPU.ActiveCfg = Debug|Any CPU
		{E753B478-F501-45A8-8CCB-67970F131033}.Debug|Any CPU.Build.0 = Debug|Any CPU
		{E753B478-F501-45A8-8CCB-67970F131033}.Debug|Any CPU.Deploy.0 = Debug|Any CPU
		{E753B478-F501-45A8-8CCB-67970F131033}.Debug|iPhone.ActiveCfg = Debug|Any CPU
		{E753B478-F501-45A8-8CCB-67970F131033}.Debug|iPhone.Build.0 = Debug|Any CPU
		{E753B478-F501-45A8-8CCB-67970F131033}.Debug|iPhone.Deploy.0 = Debug|Any CPU
		{E753B478-F501-45A8-8CCB-67970F131033}.Debug|iPhoneSimulator.ActiveCfg = Debug|Any CPU
		{E753B478-F501-45A8-8CCB-67970F131033}.Debug|iPhoneSimulator.Build.0 = Debug|Any CPU
		{E753B478-F501-45A8-8CCB-67970F131033}.Debug|iPhoneSimulator.Deploy.0 = Debug|Any CPU
		{E753B478-F501-45A8-8CCB-67970F131033}.Release|Any CPU.ActiveCfg = Release|Any CPU
		{E753B478-F501-45A8-8CCB-67970F131033}.Release|Any CPU.Build.0 = Release|Any CPU
		{E753B478-F501-45A8-8CCB-67970F131033}.Release|iPhone.ActiveCfg = Release|Any CPU
		{E753B478-F501-45A8-8CCB-67970F131033}.Release|iPhone.Build.0 = Release|Any CPU
		{E753B478-F501-45A8-8CCB-67970F131033}.Release|iPhone.Deploy.0 = Release|Any CPU
		{E753B478-F501-45A8-8CCB-67970F131033}.Release|iPhoneSimulator.ActiveCfg = Release|Any CPU
		{E753B478-F501-45A8-8CCB-67970F131033}.Release|iPhoneSimulator.Build.0 = Release|Any CPU
		{E753B478-F501-45A8-8CCB-67970F131033}.Release|iPhoneSimulator.Deploy.0 = Release|Any CPU
		{9B08A0CE-DF94-4C59-98D4-B96212E78498}.Debug|Any CPU.ActiveCfg = Debug|Any CPU
		{9B08A0CE-DF94-4C59-98D4-B96212E78498}.Debug|Any CPU.Build.0 = Debug|Any CPU
		{9B08A0CE-DF94-4C59-98D4-B96212E78498}.Debug|Any CPU.Deploy.0 = Debug|Any CPU
		{9B08A0CE-DF94-4C59-98D4-B96212E78498}.Debug|iPhone.ActiveCfg = Debug|Any CPU
		{9B08A0CE-DF94-4C59-98D4-B96212E78498}.Debug|iPhone.Build.0 = Debug|Any CPU
		{9B08A0CE-DF94-4C59-98D4-B96212E78498}.Debug|iPhone.Deploy.0 = Debug|Any CPU
		{9B08A0CE-DF94-4C59-98D4-B96212E78498}.Debug|iPhoneSimulator.ActiveCfg = Debug|Any CPU
		{9B08A0CE-DF94-4C59-98D4-B96212E78498}.Debug|iPhoneSimulator.Build.0 = Debug|Any CPU
		{9B08A0CE-DF94-4C59-98D4-B96212E78498}.Debug|iPhoneSimulator.Deploy.0 = Debug|Any CPU
		{9B08A0CE-DF94-4C59-98D4-B96212E78498}.Release|Any CPU.ActiveCfg = Release|Any CPU
		{9B08A0CE-DF94-4C59-98D4-B96212E78498}.Release|Any CPU.Build.0 = Release|Any CPU
		{9B08A0CE-DF94-4C59-98D4-B96212E78498}.Release|Any CPU.Deploy.0 = Release|Any CPU
		{9B08A0CE-DF94-4C59-98D4-B96212E78498}.Release|iPhone.ActiveCfg = Release|Any CPU
		{9B08A0CE-DF94-4C59-98D4-B96212E78498}.Release|iPhone.Build.0 = Release|Any CPU
		{9B08A0CE-DF94-4C59-98D4-B96212E78498}.Release|iPhone.Deploy.0 = Release|Any CPU
		{9B08A0CE-DF94-4C59-98D4-B96212E78498}.Release|iPhoneSimulator.ActiveCfg = Release|Any CPU
		{9B08A0CE-DF94-4C59-98D4-B96212E78498}.Release|iPhoneSimulator.Build.0 = Release|Any CPU
		{9B08A0CE-DF94-4C59-98D4-B96212E78498}.Release|iPhoneSimulator.Deploy.0 = Release|Any CPU
		{ECCFAF9D-EF9B-4B19-B7D8-37E820EB3ADB}.Debug|Any CPU.ActiveCfg = Debug|Any CPU
		{ECCFAF9D-EF9B-4B19-B7D8-37E820EB3ADB}.Debug|Any CPU.Build.0 = Debug|Any CPU
		{ECCFAF9D-EF9B-4B19-B7D8-37E820EB3ADB}.Debug|Any CPU.Deploy.0 = Debug|Any CPU
		{ECCFAF9D-EF9B-4B19-B7D8-37E820EB3ADB}.Debug|iPhone.ActiveCfg = Debug|Any CPU
		{ECCFAF9D-EF9B-4B19-B7D8-37E820EB3ADB}.Debug|iPhone.Build.0 = Debug|Any CPU
		{ECCFAF9D-EF9B-4B19-B7D8-37E820EB3ADB}.Debug|iPhoneSimulator.ActiveCfg = Debug|Any CPU
		{ECCFAF9D-EF9B-4B19-B7D8-37E820EB3ADB}.Debug|iPhoneSimulator.Build.0 = Debug|Any CPU
		{ECCFAF9D-EF9B-4B19-B7D8-37E820EB3ADB}.Release|Any CPU.ActiveCfg = Release|Any CPU
		{ECCFAF9D-EF9B-4B19-B7D8-37E820EB3ADB}.Release|Any CPU.Build.0 = Release|Any CPU
		{ECCFAF9D-EF9B-4B19-B7D8-37E820EB3ADB}.Release|iPhone.ActiveCfg = Release|Any CPU
		{ECCFAF9D-EF9B-4B19-B7D8-37E820EB3ADB}.Release|iPhone.Build.0 = Release|Any CPU
		{ECCFAF9D-EF9B-4B19-B7D8-37E820EB3ADB}.Release|iPhoneSimulator.ActiveCfg = Release|Any CPU
		{ECCFAF9D-EF9B-4B19-B7D8-37E820EB3ADB}.Release|iPhoneSimulator.Build.0 = Release|Any CPU
		{49AF89E0-45BB-4C30-98F4-3DA80278E628}.Debug|Any CPU.ActiveCfg = Debug|Any CPU
		{49AF89E0-45BB-4C30-98F4-3DA80278E628}.Debug|Any CPU.Build.0 = Debug|Any CPU
		{49AF89E0-45BB-4C30-98F4-3DA80278E628}.Debug|Any CPU.Deploy.0 = Debug|Any CPU
		{49AF89E0-45BB-4C30-98F4-3DA80278E628}.Debug|iPhone.ActiveCfg = Debug|Any CPU
		{49AF89E0-45BB-4C30-98F4-3DA80278E628}.Debug|iPhone.Build.0 = Debug|Any CPU
		{49AF89E0-45BB-4C30-98F4-3DA80278E628}.Debug|iPhone.Deploy.0 = Debug|Any CPU
		{49AF89E0-45BB-4C30-98F4-3DA80278E628}.Debug|iPhoneSimulator.ActiveCfg = Debug|Any CPU
		{49AF89E0-45BB-4C30-98F4-3DA80278E628}.Debug|iPhoneSimulator.Build.0 = Debug|Any CPU
		{49AF89E0-45BB-4C30-98F4-3DA80278E628}.Debug|iPhoneSimulator.Deploy.0 = Debug|Any CPU
		{49AF89E0-45BB-4C30-98F4-3DA80278E628}.Release|Any CPU.ActiveCfg = Release|Any CPU
		{49AF89E0-45BB-4C30-98F4-3DA80278E628}.Release|Any CPU.Build.0 = Release|Any CPU
		{49AF89E0-45BB-4C30-98F4-3DA80278E628}.Release|Any CPU.Deploy.0 = Release|Any CPU
		{49AF89E0-45BB-4C30-98F4-3DA80278E628}.Release|iPhone.ActiveCfg = Release|Any CPU
		{49AF89E0-45BB-4C30-98F4-3DA80278E628}.Release|iPhone.Build.0 = Release|Any CPU
		{49AF89E0-45BB-4C30-98F4-3DA80278E628}.Release|iPhone.Deploy.0 = Release|Any CPU
		{49AF89E0-45BB-4C30-98F4-3DA80278E628}.Release|iPhoneSimulator.ActiveCfg = Release|Any CPU
		{49AF89E0-45BB-4C30-98F4-3DA80278E628}.Release|iPhoneSimulator.Build.0 = Release|Any CPU
		{49AF89E0-45BB-4C30-98F4-3DA80278E628}.Release|iPhoneSimulator.Deploy.0 = Release|Any CPU
		{E914AFEB-4392-443C-A45B-67B71DD81171}.Debug|Any CPU.ActiveCfg = Debug|Any CPU
		{E914AFEB-4392-443C-A45B-67B71DD81171}.Debug|Any CPU.Build.0 = Debug|Any CPU
		{E914AFEB-4392-443C-A45B-67B71DD81171}.Debug|Any CPU.Deploy.0 = Debug|Any CPU
		{E914AFEB-4392-443C-A45B-67B71DD81171}.Debug|iPhone.ActiveCfg = Debug|Any CPU
		{E914AFEB-4392-443C-A45B-67B71DD81171}.Debug|iPhone.Build.0 = Debug|Any CPU
		{E914AFEB-4392-443C-A45B-67B71DD81171}.Debug|iPhone.Deploy.0 = Debug|Any CPU
		{E914AFEB-4392-443C-A45B-67B71DD81171}.Debug|iPhoneSimulator.ActiveCfg = Debug|Any CPU
		{E914AFEB-4392-443C-A45B-67B71DD81171}.Debug|iPhoneSimulator.Build.0 = Debug|Any CPU
		{E914AFEB-4392-443C-A45B-67B71DD81171}.Debug|iPhoneSimulator.Deploy.0 = Debug|Any CPU
		{E914AFEB-4392-443C-A45B-67B71DD81171}.Release|Any CPU.ActiveCfg = Release|Any CPU
		{E914AFEB-4392-443C-A45B-67B71DD81171}.Release|Any CPU.Build.0 = Release|Any CPU
		{E914AFEB-4392-443C-A45B-67B71DD81171}.Release|Any CPU.Deploy.0 = Release|Any CPU
		{E914AFEB-4392-443C-A45B-67B71DD81171}.Release|iPhone.ActiveCfg = Release|Any CPU
		{E914AFEB-4392-443C-A45B-67B71DD81171}.Release|iPhone.Build.0 = Release|Any CPU
		{E914AFEB-4392-443C-A45B-67B71DD81171}.Release|iPhone.Deploy.0 = Release|Any CPU
		{E914AFEB-4392-443C-A45B-67B71DD81171}.Release|iPhoneSimulator.ActiveCfg = Release|Any CPU
		{E914AFEB-4392-443C-A45B-67B71DD81171}.Release|iPhoneSimulator.Build.0 = Release|Any CPU
		{E914AFEB-4392-443C-A45B-67B71DD81171}.Release|iPhoneSimulator.Deploy.0 = Release|Any CPU
	EndGlobalSection
	GlobalSection(SolutionProperties) = preSolution
		HideSolutionNode = FALSE
	EndGlobalSection
	GlobalSection(ExtensibilityGlobals) = postSolution
		SolutionGuid = {CA61E123-F783-4CB3-8EB2-099EE930ADD4}
	EndGlobalSection
	GlobalSection(SharedMSBuildProjectFiles) = preSolution
		CommonContracts\CommonContracts.projitems*{567267b3-ed96-4fea-b555-2ee203372ea4}*SharedItemsImports = 13
		CommonContracts\CommonContracts.projitems*{9b08a0ce-df94-4c59-98d4-b96212e78498}*SharedItemsImports = 5
		CommonContracts\CommonContracts.projitems*{e753b478-f501-45a8-8ccb-67970f131033}*SharedItemsImports = 5
		CommonContracts\CommonContracts.projitems*{eccfaf9d-ef9b-4b19-b7d8-37e820eb3adb}*SharedItemsImports = 5
	EndGlobalSection
EndGlobal
